// !$*UTF8*$!
{
	archiveVersion = 1;
	classes = {
	};
	objectVersion = 46;
	objects = {

/* Begin PBXBuildFile section */
		57FD619B1F268BBE00554FD5 /* AppDelegate.m in Sources */ = {isa = PBXBuildFile; fileRef = 57FD619A1F268BBE00554FD5 /* AppDelegate.m */; };
		57FD619E1F268BBE00554FD5 /* main.m in Sources */ = {isa = PBXBuildFile; fileRef = 57FD619D1F268BBE00554FD5 /* main.m */; };
		57FD61A31F268BBE00554FD5 /* Assets.xcassets in Resources */ = {isa = PBXBuildFile; fileRef = 57FD61A21F268BBE00554FD5 /* Assets.xcassets */; };
		57FD61A61F268BBE00554FD5 /* Main.storyboard in Resources */ = {isa = PBXBuildFile; fileRef = 57FD61A41F268BBE00554FD5 /* Main.storyboard */; };
		57FD61B11F268BBE00554FD5 /* generTests.m in Sources */ = {isa = PBXBuildFile; fileRef = 57FD61B01F268BBE00554FD5 /* generTests.m */; };
		57FD61C31F268DF200554FD5 /* GenerationViewController.m in Sources */ = {isa = PBXBuildFile; fileRef = 57FD61C21F268DF200554FD5 /* GenerationViewController.m */; };
		57FD61CA1F268E4800554FD5 /* GenerationModuleAssembly.m in Sources */ = {isa = PBXBuildFile; fileRef = 57FD61C91F268E4800554FD5 /* GenerationModuleAssembly.m */; };
		57FD61CB1F268E4800554FD5 /* GenerationModuleAssembly.m in Sources */ = {isa = PBXBuildFile; fileRef = 57FD61C91F268E4800554FD5 /* GenerationModuleAssembly.m */; };
		57FD61D01F268F5100554FD5 /* GenerationPresenter.m in Sources */ = {isa = PBXBuildFile; fileRef = 57FD61CF1F268F5100554FD5 /* GenerationPresenter.m */; };
		57FD61D11F268F5100554FD5 /* GenerationPresenter.m in Sources */ = {isa = PBXBuildFile; fileRef = 57FD61CF1F268F5100554FD5 /* GenerationPresenter.m */; };
		C771A45D1F275BC400DA90C7 /* NSURL+GenerURL.m in Sources */ = {isa = PBXBuildFile; fileRef = C771A45C1F275BC400DA90C7 /* NSURL+GenerURL.m */; };
		C771A45E1F275BC400DA90C7 /* NSURL+GenerURL.m in Sources */ = {isa = PBXBuildFile; fileRef = C771A45C1F275BC400DA90C7 /* NSURL+GenerURL.m */; };
		C787A68B1F2B6CC2008CEADB /* FileCreator.m in Sources */ = {isa = PBXBuildFile; fileRef = C787A6801F2B6CC2008CEADB /* FileCreator.m */; };
		C787A68C1F2B6CC2008CEADB /* TemplateFileMeta.m in Sources */ = {isa = PBXBuildFile; fileRef = C787A6821F2B6CC2008CEADB /* TemplateFileMeta.m */; };
		C787A68D1F2B6CC2008CEADB /* Generator.m in Sources */ = {isa = PBXBuildFile; fileRef = C787A6841F2B6CC2008CEADB /* Generator.m */; };
		C787A68E1F2B6CC2008CEADB /* ModuleSettings.m in Sources */ = {isa = PBXBuildFile; fileRef = C787A6861F2B6CC2008CEADB /* ModuleSettings.m */; };
		C787A68F1F2B6CC2008CEADB /* SourceFile.m in Sources */ = {isa = PBXBuildFile; fileRef = C787A6881F2B6CC2008CEADB /* SourceFile.m */; };
		C787A6901F2B6CC2008CEADB /* TemplateJSONParser.m in Sources */ = {isa = PBXBuildFile; fileRef = C787A68A1F2B6CC2008CEADB /* TemplateJSONParser.m */; };
		C787A6931F2B6E31008CEADB /* NSDate+GenerDate.m in Sources */ = {isa = PBXBuildFile; fileRef = C787A6921F2B6E31008CEADB /* NSDate+GenerDate.m */; };
		EEAF6374205EED270046F135 /* NSFileManager+GenerFileManager.m in Sources */ = {isa = PBXBuildFile; fileRef = EEAF6373205EED270046F135 /* NSFileManager+GenerFileManager.m */; };
/* End PBXBuildFile section */

/* Begin PBXContainerItemProxy section */
		57FD61AD1F268BBE00554FD5 /* PBXContainerItemProxy */ = {
			isa = PBXContainerItemProxy;
			containerPortal = 57FD618E1F268BBD00554FD5 /* Project object */;
			proxyType = 1;
			remoteGlobalIDString = 57FD61951F268BBD00554FD5;
			remoteInfo = gener;
		};
/* End PBXContainerItemProxy section */

/* Begin PBXFileReference section */
		57FD61961F268BBE00554FD5 /* gener.app */ = {isa = PBXFileReference; explicitFileType = wrapper.application; includeInIndex = 0; path = gener.app; sourceTree = BUILT_PRODUCTS_DIR; };
		57FD61991F268BBE00554FD5 /* AppDelegate.h */ = {isa = PBXFileReference; lastKnownFileType = sourcecode.c.h; path = AppDelegate.h; sourceTree = "<group>"; };
		57FD619A1F268BBE00554FD5 /* AppDelegate.m */ = {isa = PBXFileReference; lastKnownFileType = sourcecode.c.objc; path = AppDelegate.m; sourceTree = "<group>"; };
		57FD619D1F268BBE00554FD5 /* main.m */ = {isa = PBXFileReference; lastKnownFileType = sourcecode.c.objc; path = main.m; sourceTree = "<group>"; };
		57FD61A21F268BBE00554FD5 /* Assets.xcassets */ = {isa = PBXFileReference; lastKnownFileType = folder.assetcatalog; path = Assets.xcassets; sourceTree = "<group>"; };
		57FD61A51F268BBE00554FD5 /* Base */ = {isa = PBXFileReference; lastKnownFileType = file.storyboard; name = Base; path = Base.lproj/Main.storyboard; sourceTree = "<group>"; };
		57FD61A71F268BBE00554FD5 /* Info.plist */ = {isa = PBXFileReference; lastKnownFileType = text.plist.xml; path = Info.plist; sourceTree = "<group>"; };
		57FD61AC1F268BBE00554FD5 /* generTests.xctest */ = {isa = PBXFileReference; explicitFileType = wrapper.cfbundle; includeInIndex = 0; path = generTests.xctest; sourceTree = BUILT_PRODUCTS_DIR; };
		57FD61B01F268BBE00554FD5 /* generTests.m */ = {isa = PBXFileReference; lastKnownFileType = sourcecode.c.objc; path = generTests.m; sourceTree = "<group>"; };
		57FD61B21F268BBE00554FD5 /* Info.plist */ = {isa = PBXFileReference; lastKnownFileType = text.plist.xml; path = Info.plist; sourceTree = "<group>"; };
		57FD61C11F268DF200554FD5 /* GenerationViewController.h */ = {isa = PBXFileReference; fileEncoding = 4; lastKnownFileType = sourcecode.c.h; path = GenerationViewController.h; sourceTree = "<group>"; };
		57FD61C21F268DF200554FD5 /* GenerationViewController.m */ = {isa = PBXFileReference; fileEncoding = 4; lastKnownFileType = sourcecode.c.objc; path = GenerationViewController.m; sourceTree = "<group>"; };
		57FD61C81F268E4800554FD5 /* GenerationModuleAssembly.h */ = {isa = PBXFileReference; fileEncoding = 4; lastKnownFileType = sourcecode.c.h; path = GenerationModuleAssembly.h; sourceTree = "<group>"; };
		57FD61C91F268E4800554FD5 /* GenerationModuleAssembly.m */ = {isa = PBXFileReference; fileEncoding = 4; lastKnownFileType = sourcecode.c.objc; path = GenerationModuleAssembly.m; sourceTree = "<group>"; };
		57FD61CC1F268E7400554FD5 /* GenerationViewInput.h */ = {isa = PBXFileReference; fileEncoding = 4; lastKnownFileType = sourcecode.c.h; path = GenerationViewInput.h; sourceTree = "<group>"; };
		57FD61CD1F268E8400554FD5 /* GenerationViewOutput.h */ = {isa = PBXFileReference; fileEncoding = 4; lastKnownFileType = sourcecode.c.h; path = GenerationViewOutput.h; sourceTree = "<group>"; };
		57FD61CE1F268F5100554FD5 /* GenerationPresenter.h */ = {isa = PBXFileReference; fileEncoding = 4; lastKnownFileType = sourcecode.c.h; path = GenerationPresenter.h; sourceTree = "<group>"; };
		57FD61CF1F268F5100554FD5 /* GenerationPresenter.m */ = {isa = PBXFileReference; fileEncoding = 4; lastKnownFileType = sourcecode.c.objc; path = GenerationPresenter.m; sourceTree = "<group>"; };
		5C1D885A1F27362600BDF84F /* GenerationModuleRouting.h */ = {isa = PBXFileReference; fileEncoding = 4; lastKnownFileType = sourcecode.c.h; path = GenerationModuleRouting.h; sourceTree = "<group>"; };
		C771A45B1F275BC400DA90C7 /* NSURL+GenerURL.h */ = {isa = PBXFileReference; fileEncoding = 4; lastKnownFileType = sourcecode.c.h; path = "NSURL+GenerURL.h"; sourceTree = "<group>"; };
		C771A45C1F275BC400DA90C7 /* NSURL+GenerURL.m */ = {isa = PBXFileReference; fileEncoding = 4; lastKnownFileType = sourcecode.c.objc; path = "NSURL+GenerURL.m"; sourceTree = "<group>"; };
		C787A67F1F2B6CC2008CEADB /* FileCreator.h */ = {isa = PBXFileReference; fileEncoding = 4; lastKnownFileType = sourcecode.c.h; path = FileCreator.h; sourceTree = "<group>"; };
		C787A6801F2B6CC2008CEADB /* FileCreator.m */ = {isa = PBXFileReference; fileEncoding = 4; lastKnownFileType = sourcecode.c.objc; path = FileCreator.m; sourceTree = "<group>"; };
		C787A6811F2B6CC2008CEADB /* TemplateFileMeta.h */ = {isa = PBXFileReference; fileEncoding = 4; lastKnownFileType = sourcecode.c.h; path = TemplateFileMeta.h; sourceTree = "<group>"; };
		C787A6821F2B6CC2008CEADB /* TemplateFileMeta.m */ = {isa = PBXFileReference; fileEncoding = 4; lastKnownFileType = sourcecode.c.objc; path = TemplateFileMeta.m; sourceTree = "<group>"; };
		C787A6831F2B6CC2008CEADB /* Generator.h */ = {isa = PBXFileReference; fileEncoding = 4; lastKnownFileType = sourcecode.c.h; path = Generator.h; sourceTree = "<group>"; };
		C787A6841F2B6CC2008CEADB /* Generator.m */ = {isa = PBXFileReference; fileEncoding = 4; lastKnownFileType = sourcecode.c.objc; path = Generator.m; sourceTree = "<group>"; };
		C787A6851F2B6CC2008CEADB /* ModuleSettings.h */ = {isa = PBXFileReference; fileEncoding = 4; lastKnownFileType = sourcecode.c.h; path = ModuleSettings.h; sourceTree = "<group>"; };
		C787A6861F2B6CC2008CEADB /* ModuleSettings.m */ = {isa = PBXFileReference; fileEncoding = 4; lastKnownFileType = sourcecode.c.objc; path = ModuleSettings.m; sourceTree = "<group>"; };
		C787A6871F2B6CC2008CEADB /* SourceFile.h */ = {isa = PBXFileReference; fileEncoding = 4; lastKnownFileType = sourcecode.c.h; path = SourceFile.h; sourceTree = "<group>"; };
		C787A6881F2B6CC2008CEADB /* SourceFile.m */ = {isa = PBXFileReference; fileEncoding = 4; lastKnownFileType = sourcecode.c.objc; path = SourceFile.m; sourceTree = "<group>"; };
		C787A6891F2B6CC2008CEADB /* TemplateJSONParser.h */ = {isa = PBXFileReference; fileEncoding = 4; lastKnownFileType = sourcecode.c.h; path = TemplateJSONParser.h; sourceTree = "<group>"; };
		C787A68A1F2B6CC2008CEADB /* TemplateJSONParser.m */ = {isa = PBXFileReference; fileEncoding = 4; lastKnownFileType = sourcecode.c.objc; path = TemplateJSONParser.m; sourceTree = "<group>"; };
		C787A6911F2B6E31008CEADB /* NSDate+GenerDate.h */ = {isa = PBXFileReference; fileEncoding = 4; lastKnownFileType = sourcecode.c.h; path = "NSDate+GenerDate.h"; sourceTree = "<group>"; };
		C787A6921F2B6E31008CEADB /* NSDate+GenerDate.m */ = {isa = PBXFileReference; fileEncoding = 4; lastKnownFileType = sourcecode.c.objc; path = "NSDate+GenerDate.m"; sourceTree = "<group>"; };
		EEAF6372205EED270046F135 /* NSFileManager+GenerFileManager.h */ = {isa = PBXFileReference; lastKnownFileType = sourcecode.c.h; path = "NSFileManager+GenerFileManager.h"; sourceTree = "<group>"; };
		EEAF6373205EED270046F135 /* NSFileManager+GenerFileManager.m */ = {isa = PBXFileReference; lastKnownFileType = sourcecode.c.objc; path = "NSFileManager+GenerFileManager.m"; sourceTree = "<group>"; };
/* End PBXFileReference section */

/* Begin PBXFrameworksBuildPhase section */
		57FD61931F268BBD00554FD5 /* Frameworks */ = {
			isa = PBXFrameworksBuildPhase;
			buildActionMask = 2147483647;
			files = (
			);
			runOnlyForDeploymentPostprocessing = 0;
		};
		57FD61A91F268BBE00554FD5 /* Frameworks */ = {
			isa = PBXFrameworksBuildPhase;
			buildActionMask = 2147483647;
			files = (
			);
			runOnlyForDeploymentPostprocessing = 0;
		};
/* End PBXFrameworksBuildPhase section */

/* Begin PBXGroup section */
		57FD618D1F268BBD00554FD5 = {
			isa = PBXGroup;
			children = (
				57FD61981F268BBE00554FD5 /* gener */,
				57FD61AF1F268BBE00554FD5 /* generTests */,
				57FD61971F268BBE00554FD5 /* Products */,
			);
			sourceTree = "<group>";
		};
		57FD61971F268BBE00554FD5 /* Products */ = {
			isa = PBXGroup;
			children = (
				57FD61961F268BBE00554FD5 /* gener.app */,
				57FD61AC1F268BBE00554FD5 /* generTests.xctest */,
			);
			name = Products;
			sourceTree = "<group>";
		};
		57FD61981F268BBE00554FD5 /* gener */ = {
			isa = PBXGroup;
			children = (
				C771A4551F275B6600DA90C7 /* Common */,
				57FD61BB1F268DCB00554FD5 /* Modules */,
				57FD61991F268BBE00554FD5 /* AppDelegate.h */,
				57FD619A1F268BBE00554FD5 /* AppDelegate.m */,
				57FD61A21F268BBE00554FD5 /* Assets.xcassets */,
				57FD61A41F268BBE00554FD5 /* Main.storyboard */,
				57FD61A71F268BBE00554FD5 /* Info.plist */,
				57FD619C1F268BBE00554FD5 /* Supporting Files */,
			);
			path = gener;
			sourceTree = "<group>";
		};
		57FD619C1F268BBE00554FD5 /* Supporting Files */ = {
			isa = PBXGroup;
			children = (
				57FD619D1F268BBE00554FD5 /* main.m */,
			);
			name = "Supporting Files";
			sourceTree = "<group>";
		};
		57FD61AF1F268BBE00554FD5 /* generTests */ = {
			isa = PBXGroup;
			children = (
				57FD61B01F268BBE00554FD5 /* generTests.m */,
				57FD61B21F268BBE00554FD5 /* Info.plist */,
			);
			path = generTests;
			sourceTree = "<group>";
		};
		57FD61BB1F268DCB00554FD5 /* Modules */ = {
			isa = PBXGroup;
			children = (
				57FD61BC1F268DCB00554FD5 /* Generation */,
			);
			path = Modules;
			sourceTree = "<group>";
		};
		57FD61BC1F268DCB00554FD5 /* Generation */ = {
			isa = PBXGroup;
			children = (
				C787A67E1F2B6CC2008CEADB /* Model */,
				57FD61BD1F268DCB00554FD5 /* Assembly */,
				57FD61BF1F268DCB00554FD5 /* Presenter */,
				57FD61C01F268DCB00554FD5 /* View */,
			);
			path = Generation;
			sourceTree = "<group>";
		};
		57FD61BD1F268DCB00554FD5 /* Assembly */ = {
			isa = PBXGroup;
			children = (
				57FD61C81F268E4800554FD5 /* GenerationModuleAssembly.h */,
				57FD61C91F268E4800554FD5 /* GenerationModuleAssembly.m */,
			);
			path = Assembly;
			sourceTree = "<group>";
		};
		57FD61BF1F268DCB00554FD5 /* Presenter */ = {
			isa = PBXGroup;
			children = (
				57FD61CE1F268F5100554FD5 /* GenerationPresenter.h */,
				57FD61CF1F268F5100554FD5 /* GenerationPresenter.m */,
			);
			path = Presenter;
			sourceTree = "<group>";
		};
		57FD61C01F268DCB00554FD5 /* View */ = {
			isa = PBXGroup;
			children = (
				57FD61C11F268DF200554FD5 /* GenerationViewController.h */,
				57FD61C21F268DF200554FD5 /* GenerationViewController.m */,
				57FD61CC1F268E7400554FD5 /* GenerationViewInput.h */,
				57FD61CD1F268E8400554FD5 /* GenerationViewOutput.h */,
				5C1D885A1F27362600BDF84F /* GenerationModuleRouting.h */,
			);
			path = View;
			sourceTree = "<group>";
		};
		C771A4551F275B6600DA90C7 /* Common */ = {
			isa = PBXGroup;
			children = (
				C771A4561F275B6600DA90C7 /* Categories */,
			);
			path = Common;
			sourceTree = "<group>";
		};
		C771A4561F275B6600DA90C7 /* Categories */ = {
			isa = PBXGroup;
			children = (
				C771A45B1F275BC400DA90C7 /* NSURL+GenerURL.h */,
				C771A45C1F275BC400DA90C7 /* NSURL+GenerURL.m */,
				C787A6911F2B6E31008CEADB /* NSDate+GenerDate.h */,
				C787A6921F2B6E31008CEADB /* NSDate+GenerDate.m */,
				EEAF6372205EED270046F135 /* NSFileManager+GenerFileManager.h */,
				EEAF6373205EED270046F135 /* NSFileManager+GenerFileManager.m */,
			);
			path = Categories;
			sourceTree = "<group>";
		};
		C787A67E1F2B6CC2008CEADB /* Model */ = {
			isa = PBXGroup;
			children = (
				C787A67F1F2B6CC2008CEADB /* FileCreator.h */,
				C787A6801F2B6CC2008CEADB /* FileCreator.m */,
				C787A6811F2B6CC2008CEADB /* TemplateFileMeta.h */,
				C787A6821F2B6CC2008CEADB /* TemplateFileMeta.m */,
				C787A6831F2B6CC2008CEADB /* Generator.h */,
				C787A6841F2B6CC2008CEADB /* Generator.m */,
				C787A6851F2B6CC2008CEADB /* ModuleSettings.h */,
				C787A6861F2B6CC2008CEADB /* ModuleSettings.m */,
				C787A6871F2B6CC2008CEADB /* SourceFile.h */,
				C787A6881F2B6CC2008CEADB /* SourceFile.m */,
				C787A6891F2B6CC2008CEADB /* TemplateJSONParser.h */,
				C787A68A1F2B6CC2008CEADB /* TemplateJSONParser.m */,
			);
			path = Model;
			sourceTree = "<group>";
		};
/* End PBXGroup section */

/* Begin PBXNativeTarget section */
		57FD61951F268BBD00554FD5 /* gener */ = {
			isa = PBXNativeTarget;
			buildConfigurationList = 57FD61B51F268BBE00554FD5 /* Build configuration list for PBXNativeTarget "gener" */;
			buildPhases = (
				57FD61921F268BBD00554FD5 /* Sources */,
				57FD61931F268BBD00554FD5 /* Frameworks */,
				57FD61941F268BBD00554FD5 /* Resources */,
			);
			buildRules = (
			);
			dependencies = (
			);
			name = gener;
			productName = gener;
			productReference = 57FD61961F268BBE00554FD5 /* gener.app */;
			productType = "com.apple.product-type.application";
		};
		57FD61AB1F268BBE00554FD5 /* generTests */ = {
			isa = PBXNativeTarget;
			buildConfigurationList = 57FD61B81F268BBE00554FD5 /* Build configuration list for PBXNativeTarget "generTests" */;
			buildPhases = (
				57FD61A81F268BBE00554FD5 /* Sources */,
				57FD61A91F268BBE00554FD5 /* Frameworks */,
				57FD61AA1F268BBE00554FD5 /* Resources */,
			);
			buildRules = (
			);
			dependencies = (
				57FD61AE1F268BBE00554FD5 /* PBXTargetDependency */,
			);
			name = generTests;
			productName = generTests;
			productReference = 57FD61AC1F268BBE00554FD5 /* generTests.xctest */;
			productType = "com.apple.product-type.bundle.unit-test";
		};
/* End PBXNativeTarget section */

/* Begin PBXProject section */
		57FD618E1F268BBD00554FD5 /* Project object */ = {
			isa = PBXProject;
			attributes = {
				LastUpgradeCheck = 0830;
				ORGANIZATIONNAME = GNR;
				TargetAttributes = {
					57FD61951F268BBD00554FD5 = {
						CreatedOnToolsVersion = 8.3.3;
						DevelopmentTeam = 3DP67SJXSR;
						ProvisioningStyle = Automatic;
					};
					57FD61AB1F268BBE00554FD5 = {
						CreatedOnToolsVersion = 8.3.3;
						DevelopmentTeam = 3DP67SJXSR;
						ProvisioningStyle = Automatic;
						TestTargetID = 57FD61951F268BBD00554FD5;
					};
				};
			};
			buildConfigurationList = 57FD61911F268BBD00554FD5 /* Build configuration list for PBXProject "gener" */;
			compatibilityVersion = "Xcode 3.2";
			developmentRegion = English;
			hasScannedForEncodings = 0;
			knownRegions = (
				en,
				Base,
			);
			mainGroup = 57FD618D1F268BBD00554FD5;
			productRefGroup = 57FD61971F268BBE00554FD5 /* Products */;
			projectDirPath = "";
			projectRoot = "";
			targets = (
				57FD61951F268BBD00554FD5 /* gener */,
				57FD61AB1F268BBE00554FD5 /* generTests */,
			);
		};
/* End PBXProject section */

/* Begin PBXResourcesBuildPhase section */
		57FD61941F268BBD00554FD5 /* Resources */ = {
			isa = PBXResourcesBuildPhase;
			buildActionMask = 2147483647;
			files = (
				57FD61A31F268BBE00554FD5 /* Assets.xcassets in Resources */,
				57FD61A61F268BBE00554FD5 /* Main.storyboard in Resources */,
			);
			runOnlyForDeploymentPostprocessing = 0;
		};
		57FD61AA1F268BBE00554FD5 /* Resources */ = {
			isa = PBXResourcesBuildPhase;
			buildActionMask = 2147483647;
			files = (
			);
			runOnlyForDeploymentPostprocessing = 0;
		};
/* End PBXResourcesBuildPhase section */

/* Begin PBXSourcesBuildPhase section */
		57FD61921F268BBD00554FD5 /* Sources */ = {
			isa = PBXSourcesBuildPhase;
			buildActionMask = 2147483647;
			files = (
				57FD619E1F268BBE00554FD5 /* main.m in Sources */,
				57FD61D01F268F5100554FD5 /* GenerationPresenter.m in Sources */,
				C787A6901F2B6CC2008CEADB /* TemplateJSONParser.m in Sources */,
				C787A68F1F2B6CC2008CEADB /* SourceFile.m in Sources */,
				C787A68B1F2B6CC2008CEADB /* FileCreator.m in Sources */,
				57FD619B1F268BBE00554FD5 /* AppDelegate.m in Sources */,
				C787A68E1F2B6CC2008CEADB /* ModuleSettings.m in Sources */,
				57FD61CA1F268E4800554FD5 /* GenerationModuleAssembly.m in Sources */,
				C787A68C1F2B6CC2008CEADB /* TemplateFileMeta.m in Sources */,
				C787A6931F2B6E31008CEADB /* NSDate+GenerDate.m in Sources */,
				C771A45D1F275BC400DA90C7 /* NSURL+GenerURL.m in Sources */,
				57FD61C31F268DF200554FD5 /* GenerationViewController.m in Sources */,
				EEAF6374205EED270046F135 /* NSFileManager+GenerFileManager.m in Sources */,
				C787A68D1F2B6CC2008CEADB /* Generator.m in Sources */,
			);
			runOnlyForDeploymentPostprocessing = 0;
		};
		57FD61A81F268BBE00554FD5 /* Sources */ = {
			isa = PBXSourcesBuildPhase;
			buildActionMask = 2147483647;
			files = (
				57FD61CB1F268E4800554FD5 /* GenerationModuleAssembly.m in Sources */,
				57FD61D11F268F5100554FD5 /* GenerationPresenter.m in Sources */,
				C771A45E1F275BC400DA90C7 /* NSURL+GenerURL.m in Sources */,
				57FD61B11F268BBE00554FD5 /* generTests.m in Sources */,
			);
			runOnlyForDeploymentPostprocessing = 0;
		};
/* End PBXSourcesBuildPhase section */

/* Begin PBXTargetDependency section */
		57FD61AE1F268BBE00554FD5 /* PBXTargetDependency */ = {
			isa = PBXTargetDependency;
			target = 57FD61951F268BBD00554FD5 /* gener */;
			targetProxy = 57FD61AD1F268BBE00554FD5 /* PBXContainerItemProxy */;
		};
/* End PBXTargetDependency section */

/* Begin PBXVariantGroup section */
		57FD61A41F268BBE00554FD5 /* Main.storyboard */ = {
			isa = PBXVariantGroup;
			children = (
				57FD61A51F268BBE00554FD5 /* Base */,
			);
			name = Main.storyboard;
			sourceTree = "<group>";
		};
/* End PBXVariantGroup section */

/* Begin XCBuildConfiguration section */
		57FD61B31F268BBE00554FD5 /* Debug */ = {
			isa = XCBuildConfiguration;
			buildSettings = {
				ALWAYS_SEARCH_USER_PATHS = NO;
				CLANG_ANALYZER_NONNULL = YES;
				CLANG_ANALYZER_NUMBER_OBJECT_CONVERSION = YES_AGGRESSIVE;
				CLANG_CXX_LANGUAGE_STANDARD = "gnu++0x";
				CLANG_CXX_LIBRARY = "libc++";
				CLANG_ENABLE_MODULES = YES;
				CLANG_ENABLE_OBJC_ARC = YES;
				CLANG_WARN_BOOL_CONVERSION = YES;
				CLANG_WARN_CONSTANT_CONVERSION = YES;
				CLANG_WARN_DIRECT_OBJC_ISA_USAGE = YES_ERROR;
				CLANG_WARN_DOCUMENTATION_COMMENTS = YES;
				CLANG_WARN_EMPTY_BODY = YES;
				CLANG_WARN_ENUM_CONVERSION = YES;
				CLANG_WARN_INFINITE_RECURSION = YES;
				CLANG_WARN_INT_CONVERSION = YES;
				CLANG_WARN_OBJC_ROOT_CLASS = YES_ERROR;
				CLANG_WARN_SUSPICIOUS_MOVE = YES;
				CLANG_WARN_UNREACHABLE_CODE = YES;
				CLANG_WARN__DUPLICATE_METHOD_MATCH = YES;
				CODE_SIGN_IDENTITY = "-";
				COPY_PHASE_STRIP = NO;
				DEBUG_INFORMATION_FORMAT = dwarf;
				ENABLE_STRICT_OBJC_MSGSEND = YES;
				ENABLE_TESTABILITY = YES;
				GCC_C_LANGUAGE_STANDARD = gnu99;
				GCC_DYNAMIC_NO_PIC = NO;
				GCC_NO_COMMON_BLOCKS = YES;
				GCC_OPTIMIZATION_LEVEL = 0;
				GCC_PREPROCESSOR_DEFINITIONS = (
					"DEBUG=1",
					"$(inherited)",
				);
				GCC_WARN_64_TO_32_BIT_CONVERSION = YES;
				GCC_WARN_ABOUT_RETURN_TYPE = YES_ERROR;
				GCC_WARN_UNDECLARED_SELECTOR = YES;
				GCC_WARN_UNINITIALIZED_AUTOS = YES_AGGRESSIVE;
				GCC_WARN_UNUSED_FUNCTION = YES;
				GCC_WARN_UNUSED_VARIABLE = YES;
				MACOSX_DEPLOYMENT_TARGET = 10.12;
				MTL_ENABLE_DEBUG_INFO = YES;
				ONLY_ACTIVE_ARCH = YES;
				SDKROOT = macosx;
			};
			name = Debug;
		};
		57FD61B41F268BBE00554FD5 /* Release */ = {
			isa = XCBuildConfiguration;
			buildSettings = {
				ALWAYS_SEARCH_USER_PATHS = NO;
				CLANG_ANALYZER_NONNULL = YES;
				CLANG_ANALYZER_NUMBER_OBJECT_CONVERSION = YES_AGGRESSIVE;
				CLANG_CXX_LANGUAGE_STANDARD = "gnu++0x";
				CLANG_CXX_LIBRARY = "libc++";
				CLANG_ENABLE_MODULES = YES;
				CLANG_ENABLE_OBJC_ARC = YES;
				CLANG_WARN_BOOL_CONVERSION = YES;
				CLANG_WARN_CONSTANT_CONVERSION = YES;
				CLANG_WARN_DIRECT_OBJC_ISA_USAGE = YES_ERROR;
				CLANG_WARN_DOCUMENTATION_COMMENTS = YES;
				CLANG_WARN_EMPTY_BODY = YES;
				CLANG_WARN_ENUM_CONVERSION = YES;
				CLANG_WARN_INFINITE_RECURSION = YES;
				CLANG_WARN_INT_CONVERSION = YES;
				CLANG_WARN_OBJC_ROOT_CLASS = YES_ERROR;
				CLANG_WARN_SUSPICIOUS_MOVE = YES;
				CLANG_WARN_UNREACHABLE_CODE = YES;
				CLANG_WARN__DUPLICATE_METHOD_MATCH = YES;
				CODE_SIGN_IDENTITY = "-";
				COPY_PHASE_STRIP = NO;
				DEBUG_INFORMATION_FORMAT = "dwarf-with-dsym";
				ENABLE_NS_ASSERTIONS = NO;
				ENABLE_STRICT_OBJC_MSGSEND = YES;
				GCC_C_LANGUAGE_STANDARD = gnu99;
				GCC_NO_COMMON_BLOCKS = YES;
				GCC_WARN_64_TO_32_BIT_CONVERSION = YES;
				GCC_WARN_ABOUT_RETURN_TYPE = YES_ERROR;
				GCC_WARN_UNDECLARED_SELECTOR = YES;
				GCC_WARN_UNINITIALIZED_AUTOS = YES_AGGRESSIVE;
				GCC_WARN_UNUSED_FUNCTION = YES;
				GCC_WARN_UNUSED_VARIABLE = YES;
				MACOSX_DEPLOYMENT_TARGET = 10.12;
				MTL_ENABLE_DEBUG_INFO = NO;
				SDKROOT = macosx;
			};
			name = Release;
		};
		57FD61B61F268BBE00554FD5 /* Debug */ = {
			isa = XCBuildConfiguration;
			buildSettings = {
				ASSETCATALOG_COMPILER_APPICON_NAME = AppIcon;
				COMBINE_HIDPI_IMAGES = YES;
				DEVELOPMENT_TEAM = 3DP67SJXSR;
				INFOPLIST_FILE = gener/Info.plist;
				LD_RUNPATH_SEARCH_PATHS = "$(inherited) @executable_path/../Frameworks";
				PRODUCT_BUNDLE_IDENTIFIER = com.gnr.gener;
				PRODUCT_NAME = "$(TARGET_NAME)";
			};
			name = Debug;
		};
		57FD61B71F268BBE00554FD5 /* Release */ = {
			isa = XCBuildConfiguration;
			buildSettings = {
				ASSETCATALOG_COMPILER_APPICON_NAME = AppIcon;
				COMBINE_HIDPI_IMAGES = YES;
				DEVELOPMENT_TEAM = 3DP67SJXSR;
				INFOPLIST_FILE = gener/Info.plist;
				LD_RUNPATH_SEARCH_PATHS = "$(inherited) @executable_path/../Frameworks";
				PRODUCT_BUNDLE_IDENTIFIER = com.gnr.gener;
				PRODUCT_NAME = "$(TARGET_NAME)";
			};
			name = Release;
		};
		57FD61B91F268BBE00554FD5 /* Debug */ = {
			isa = XCBuildConfiguration;
			buildSettings = {
				BUNDLE_LOADER = "$(TEST_HOST)";
				COMBINE_HIDPI_IMAGES = YES;
				DEVELOPMENT_TEAM = 3DP67SJXSR;
				INFOPLIST_FILE = generTests/Info.plist;
				LD_RUNPATH_SEARCH_PATHS = "$(inherited) @executable_path/../Frameworks @loader_path/../Frameworks";
				PRODUCT_BUNDLE_IDENTIFIER = com.gnr.generTests;
				PRODUCT_NAME = "$(TARGET_NAME)";
				TEST_HOST = "$(BUILT_PRODUCTS_DIR)/gener.app/Contents/MacOS/gener";
			};
			name = Debug;
		};
		57FD61BA1F268BBE00554FD5 /* Release */ = {
			isa = XCBuildConfiguration;
			buildSettings = {
				BUNDLE_LOADER = "$(TEST_HOST)";
				COMBINE_HIDPI_IMAGES = YES;
				DEVELOPMENT_TEAM = 3DP67SJXSR;
				INFOPLIST_FILE = generTests/Info.plist;
				LD_RUNPATH_SEARCH_PATHS = "$(inherited) @executable_path/../Frameworks @loader_path/../Frameworks";
				PRODUCT_BUNDLE_IDENTIFIER = com.gnr.generTests;
				PRODUCT_NAME = "$(TARGET_NAME)";
				TEST_HOST = "$(BUILT_PRODUCTS_DIR)/gener.app/Contents/MacOS/gener";
			};
			name = Release;
		};
/* End XCBuildConfiguration section */

/* Begin XCConfigurationList section */
		57FD61911F268BBD00554FD5 /* Build configuration list for PBXProject "gener" */ = {
			isa = XCConfigurationList;
			buildConfigurations = (
				57FD61B31F268BBE00554FD5 /* Debug */,
				57FD61B41F268BBE00554FD5 /* Release */,
			);
			defaultConfigurationIsVisible = 0;
			defaultConfigurationName = Release;
		};
		57FD61B51F268BBE00554FD5 /* Build configuration list for PBXNativeTarget "gener" */ = {
			isa = XCConfigurationList;
			buildConfigurations = (
				57FD61B61F268BBE00554FD5 /* Debug */,
				57FD61B71F268BBE00554FD5 /* Release */,
			);
			defaultConfigurationIsVisible = 0;
			defaultConfigurationName = Release;
		};
		57FD61B81F268BBE00554FD5 /* Build configuration list for PBXNativeTarget "generTests" */ = {
			isa = XCConfigurationList;
			buildConfigurations = (
				57FD61B91F268BBE00554FD5 /* Debug */,
				57FD61BA1F268BBE00554FD5 /* Release */,
			);
			defaultConfigurationIsVisible = 0;
			defaultConfigurationName = Release;
		};
/* End XCConfigurationList section */
	};
	rootObject = 57FD618E1F268BBD00554FD5 /* Project object */;
}
